
Microsoft Visual Studio Solution File, Format Version 12.00
# Visual Studio Version 17
VisualStudioVersion = 17.0.31903.59
MinimumVisualStudioVersion = 10.0.40219.1
Project("{9A19103F-16F7-4668-BE54-9A1E7A4F7556}") = "CentiroHomeAssignment", "CentiroHomeAssignment\CentiroHomeAssignment.csproj", "{55E29100-49EF-4E10-8761-1CCD7F7DFC3A}"
EndProject
Project("{9A19103F-16F7-4668-BE54-9A1E7A4F7556}") = "CentiroHomeAssignment.Tests", "CentiroHomeAssignment.Tests\CentiroHomeAssignment.Tests.csproj", "{D6355995-C00B-4001-ADB7-776ABD21D7DC}"
EndProject
Project("{9A19103F-16F7-4668-BE54-9A1E7A4F7556}") = "CentiroAssigment.UI", "CentiroAssigment.UI\CentiroAssigment.UI.csproj", "{C9B0B7CA-60A8-419B-AC90-9349B260DDBD}"
EndProject
Project("{9A19103F-16F7-4668-BE54-9A1E7A4F7556}") = "CentiroAssignment.Shared", "CentiroAssignment.Shared\CentiroAssignment.Shared.csproj", "{F62C16FB-2B69-4085-A1CA-8E7E3F4D58CF}"
EndProject
Project("{9A19103F-16F7-4668-BE54-9A1E7A4F7556}") = "CentiroAssignment.Services", "CentiroAssignment.Services\CentiroAssignment.Services.csproj", "{F0575184-5388-43F2-8267-D19135C3838B}"
EndProject
Project("{9A19103F-16F7-4668-BE54-9A1E7A4F7556}") = "CentiroAssignment.Data", "CentiroAssignment.Data\CentiroAssignment.Data.csproj", "{FCB33911-4D19-4E0A-939A-B7398565AFA6}"
EndProject
Global
	GlobalSection(SolutionConfigurationPlatforms) = preSolution
		Debug|Any CPU = Debug|Any CPU
		Release|Any CPU = Release|Any CPU
	EndGlobalSection
	GlobalSection(ProjectConfigurationPlatforms) = postSolution
		{55E29100-49EF-4E10-8761-1CCD7F7DFC3A}.Debug|Any CPU.ActiveCfg = Debug|Any CPU
		{55E29100-49EF-4E10-8761-1CCD7F7DFC3A}.Debug|Any CPU.Build.0 = Debug|Any CPU
		{55E29100-49EF-4E10-8761-1CCD7F7DFC3A}.Release|Any CPU.ActiveCfg = Release|Any CPU
		{55E29100-49EF-4E10-8761-1CCD7F7DFC3A}.Release|Any CPU.Build.0 = Release|Any CPU
		{D6355995-C00B-4001-ADB7-776ABD21D7DC}.Debug|Any CPU.ActiveCfg = Debug|Any CPU
		{D6355995-C00B-4001-ADB7-776ABD21D7DC}.Debug|Any CPU.Build.0 = Debug|Any CPU
		{D6355995-C00B-4001-ADB7-776ABD21D7DC}.Release|Any CPU.ActiveCfg = Release|Any CPU
		{D6355995-C00B-4001-ADB7-776ABD21D7DC}.Release|Any CPU.Build.0 = Release|Any CPU
		{C9B0B7CA-60A8-419B-AC90-9349B260DDBD}.Debug|Any CPU.ActiveCfg = Debug|Any CPU
		{C9B0B7CA-60A8-419B-AC90-9349B260DDBD}.Debug|Any CPU.Build.0 = Debug|Any CPU
		{C9B0B7CA-60A8-419B-AC90-9349B260DDBD}.Release|Any CPU.ActiveCfg = Release|Any CPU
		{C9B0B7CA-60A8-419B-AC90-9349B260DDBD}.Release|Any CPU.Build.0 = Release|Any CPU
		{F62C16FB-2B69-4085-A1CA-8E7E3F4D58CF}.Debug|Any CPU.ActiveCfg = Debug|Any CPU
		{F62C16FB-2B69-4085-A1CA-8E7E3F4D58CF}.Debug|Any CPU.Build.0 = Debug|Any CPU
		{F62C16FB-2B69-4085-A1CA-8E7E3F4D58CF}.Release|Any CPU.ActiveCfg = Release|Any CPU
		{F62C16FB-2B69-4085-A1CA-8E7E3F4D58CF}.Release|Any CPU.Build.0 = Release|Any CPU
		{F0575184-5388-43F2-8267-D19135C3838B}.Debug|Any CPU.ActiveCfg = Debug|Any CPU
		{F0575184-5388-43F2-8267-D19135C3838B}.Debug|Any CPU.Build.0 = Debug|Any CPU
		{F0575184-5388-43F2-8267-D19135C3838B}.Release|Any CPU.ActiveCfg = Release|Any CPU
		{F0575184-5388-43F2-8267-D19135C3838B}.Release|Any CPU.Build.0 = Release|Any CPU
		{FCB33911-4D19-4E0A-939A-B7398565AFA6}.Debug|Any CPU.ActiveCfg = Debug|Any CPU
		{FCB33911-4D19-4E0A-939A-B7398565AFA6}.Debug|Any CPU.Build.0 = Debug|Any CPU
		{FCB33911-4D19-4E0A-939A-B7398565AFA6}.Release|Any CPU.ActiveCfg = Release|Any CPU
		{FCB33911-4D19-4E0A-939A-B7398565AFA6}.Release|Any CPU.Build.0 = Release|Any CPU
	EndGlobalSection
	GlobalSection(SolutionProperties) = preSolution
		HideSolutionNode = FALSE
	EndGlobalSection
	GlobalSection(ExtensibilityGlobals) = postSolution
		SolutionGuid = {862F1C03-255B-4752-A3FF-D06CEE09E237}
	EndGlobalSection
EndGlobal
